// !$*UTF8*$!
{
	archiveVersion = 1;
	classes = {
	};
	objectVersion = 46;
	objects = {

/* Begin PBXBuildFile section */
		CD8FC5BE1E88F82000957878 /* main.m in Sources */ = {isa = PBXBuildFile; fileRef = CD8FC5BD1E88F82000957878 /* main.m */; };
		CD8FC5C11E88F82000957878 /* AppDelegate.m in Sources */ = {isa = PBXBuildFile; fileRef = CD8FC5C01E88F82000957878 /* AppDelegate.m */; };
		CD8FC5C41E88F82000957878 /* ViewController.m in Sources */ = {isa = PBXBuildFile; fileRef = CD8FC5C31E88F82000957878 /* ViewController.m */; };
		CD8FC5C71E88F82000957878 /* Main.storyboard in Resources */ = {isa = PBXBuildFile; fileRef = CD8FC5C51E88F82000957878 /* Main.storyboard */; };
		CD8FC5C91E88F82000957878 /* Assets.xcassets in Resources */ = {isa = PBXBuildFile; fileRef = CD8FC5C81E88F82000957878 /* Assets.xcassets */; };
		CD8FC5CC1E88F82000957878 /* LaunchScreen.storyboard in Resources */ = {isa = PBXBuildFile; fileRef = CD8FC5CA1E88F82000957878 /* LaunchScreen.storyboard */; };
		CD8FC5D71E88F82000957878 /* XYThemeCollectionViewTests.m in Sources */ = {isa = PBXBuildFile; fileRef = CD8FC5D61E88F82000957878 /* XYThemeCollectionViewTests.m */; };
		CD8FC5E21E88F82000957878 /* XYThemeCollectionViewUITests.m in Sources */ = {isa = PBXBuildFile; fileRef = CD8FC5E11E88F82000957878 /* XYThemeCollectionViewUITests.m */; };
		CD8FC5F51E89133200957878 /* XYThemeCollectionView.m in Sources */ = {isa = PBXBuildFile; fileRef = CD8FC5F41E89133200957878 /* XYThemeCollectionView.m */; };
		CD8FC5F81E89134700957878 /* XYThemeCollectionViewMainCell.m in Sources */ = {isa = PBXBuildFile; fileRef = CD8FC5F71E89134700957878 /* XYThemeCollectionViewMainCell.m */; };
		CD8FC5FC1E89136600957878 /* XYThemeCollectionViewSubCell.m in Sources */ = {isa = PBXBuildFile; fileRef = CD8FC5FA1E89136600957878 /* XYThemeCollectionViewSubCell.m */; };
		CD8FC5FD1E89136600957878 /* XYThemeCollectionViewSubCell.xib in Resources */ = {isa = PBXBuildFile; fileRef = CD8FC5FB1E89136600957878 /* XYThemeCollectionViewSubCell.xib */; };
		CD8FC5FF1E89137900957878 /* XYThemeCollectionViewMainCell.xib in Resources */ = {isa = PBXBuildFile; fileRef = CD8FC5FE1E89137900957878 /* XYThemeCollectionViewMainCell.xib */; };
/* End PBXBuildFile section */

/* Begin PBXContainerItemProxy section */
		CD8FC5D31E88F82000957878 /* PBXContainerItemProxy */ = {
			isa = PBXContainerItemProxy;
			containerPortal = CD8FC5B11E88F82000957878 /* Project object */;
			proxyType = 1;
			remoteGlobalIDString = CD8FC5B81E88F82000957878;
			remoteInfo = XYThemeCollectionView;
		};
		CD8FC5DE1E88F82000957878 /* PBXContainerItemProxy */ = {
			isa = PBXContainerItemProxy;
			containerPortal = CD8FC5B11E88F82000957878 /* Project object */;
			proxyType = 1;
			remoteGlobalIDString = CD8FC5B81E88F82000957878;
			remoteInfo = XYThemeCollectionView;
		};
/* End PBXContainerItemProxy section */

/* Begin PBXFileReference section */
		CD8FC5B91E88F82000957878 /* XYThemeCollectionView.app */ = {isa = PBXFileReference; explicitFileType = wrapper.application; includeInIndex = 0; path = XYThemeCollectionView.app; sourceTree = BUILT_PRODUCTS_DIR; };
		CD8FC5BD1E88F82000957878 /* main.m */ = {isa = PBXFileReference; lastKnownFileType = sourcecode.c.objc; path = main.m; sourceTree = "<group>"; };
		CD8FC5BF1E88F82000957878 /* AppDelegate.h */ = {isa = PBXFileReference; lastKnownFileType = sourcecode.c.h; path = AppDelegate.h; sourceTree = "<group>"; };
		CD8FC5C01E88F82000957878 /* AppDelegate.m */ = {isa = PBXFileReference; lastKnownFileType = sourcecode.c.objc; path = AppDelegate.m; sourceTree = "<group>"; };
		CD8FC5C21E88F82000957878 /* ViewController.h */ = {isa = PBXFileReference; lastKnownFileType = sourcecode.c.h; path = ViewController.h; sourceTree = "<group>"; };
		CD8FC5C31E88F82000957878 /* ViewController.m */ = {isa = PBXFileReference; lastKnownFileType = sourcecode.c.objc; path = ViewController.m; sourceTree = "<group>"; };
		CD8FC5C61E88F82000957878 /* Base */ = {isa = PBXFileReference; lastKnownFileType = file.storyboard; name = Base; path = Base.lproj/Main.storyboard; sourceTree = "<group>"; };
		CD8FC5C81E88F82000957878 /* Assets.xcassets */ = {isa = PBXFileReference; lastKnownFileType = folder.assetcatalog; path = Assets.xcassets; sourceTree = "<group>"; };
		CD8FC5CB1E88F82000957878 /* Base */ = {isa = PBXFileReference; lastKnownFileType = file.storyboard; name = Base; path = Base.lproj/LaunchScreen.storyboard; sourceTree = "<group>"; };
		CD8FC5CD1E88F82000957878 /* Info.plist */ = {isa = PBXFileReference; lastKnownFileType = text.plist.xml; path = Info.plist; sourceTree = "<group>"; };
		CD8FC5D21E88F82000957878 /* XYThemeCollectionViewTests.xctest */ = {isa = PBXFileReference; explicitFileType = wrapper.cfbundle; includeInIndex = 0; path = XYThemeCollectionViewTests.xctest; sourceTree = BUILT_PRODUCTS_DIR; };
		CD8FC5D61E88F82000957878 /* XYThemeCollectionViewTests.m */ = {isa = PBXFileReference; lastKnownFileType = sourcecode.c.objc; path = XYThemeCollectionViewTests.m; sourceTree = "<group>"; };
		CD8FC5D81E88F82000957878 /* Info.plist */ = {isa = PBXFileReference; lastKnownFileType = text.plist.xml; path = Info.plist; sourceTree = "<group>"; };
		CD8FC5DD1E88F82000957878 /* XYThemeCollectionViewUITests.xctest */ = {isa = PBXFileReference; explicitFileType = wrapper.cfbundle; includeInIndex = 0; path = XYThemeCollectionViewUITests.xctest; sourceTree = BUILT_PRODUCTS_DIR; };
		CD8FC5E11E88F82000957878 /* XYThemeCollectionViewUITests.m */ = {isa = PBXFileReference; lastKnownFileType = sourcecode.c.objc; path = XYThemeCollectionViewUITests.m; sourceTree = "<group>"; };
		CD8FC5E31E88F82000957878 /* Info.plist */ = {isa = PBXFileReference; lastKnownFileType = text.plist.xml; path = Info.plist; sourceTree = "<group>"; };
		CD8FC5F31E89133200957878 /* XYThemeCollectionView.h */ = {isa = PBXFileReference; fileEncoding = 4; lastKnownFileType = sourcecode.c.h; name = XYThemeCollectionView.h; path = collectionView/XYThemeCollectionView.h; sourceTree = "<group>"; };
		CD8FC5F41E89133200957878 /* XYThemeCollectionView.m */ = {isa = PBXFileReference; fileEncoding = 4; lastKnownFileType = sourcecode.c.objc; name = XYThemeCollectionView.m; path = collectionView/XYThemeCollectionView.m; sourceTree = "<group>"; };
		CD8FC5F61E89134700957878 /* XYThemeCollectionViewMainCell.h */ = {isa = PBXFileReference; fileEncoding = 4; lastKnownFileType = sourcecode.c.h; name = XYThemeCollectionViewMainCell.h; path = collectionView/XYThemeCollectionViewMainCell.h; sourceTree = "<group>"; };
		CD8FC5F71E89134700957878 /* XYThemeCollectionViewMainCell.m */ = {isa = PBXFileReference; fileEncoding = 4; lastKnownFileType = sourcecode.c.objc; name = XYThemeCollectionViewMainCell.m; path = collectionView/XYThemeCollectionViewMainCell.m; sourceTree = "<group>"; };
		CD8FC5F91E89136600957878 /* XYThemeCollectionViewSubCell.h */ = {isa = PBXFileReference; fileEncoding = 4; lastKnownFileType = sourcecode.c.h; name = XYThemeCollectionViewSubCell.h; path = collectionView/XYThemeCollectionViewSubCell.h; sourceTree = "<group>"; };
		CD8FC5FA1E89136600957878 /* XYThemeCollectionViewSubCell.m */ = {isa = PBXFileReference; fileEncoding = 4; lastKnownFileType = sourcecode.c.objc; name = XYThemeCollectionViewSubCell.m; path = collectionView/XYThemeCollectionViewSubCell.m; sourceTree = "<group>"; };
		CD8FC5FB1E89136600957878 /* XYThemeCollectionViewSubCell.xib */ = {isa = PBXFileReference; fileEncoding = 4; lastKnownFileType = file.xib; name = XYThemeCollectionViewSubCell.xib; path = collectionView/XYThemeCollectionViewSubCell.xib; sourceTree = "<group>"; };
		CD8FC5FE1E89137900957878 /* XYThemeCollectionViewMainCell.xib */ = {isa = PBXFileReference; fileEncoding = 4; lastKnownFileType = file.xib; name = XYThemeCollectionViewMainCell.xib; path = collectionView/XYThemeCollectionViewMainCell.xib; sourceTree = "<group>"; };
/* End PBXFileReference section */

/* Begin PBXFrameworksBuildPhase section */
		CD8FC5B61E88F82000957878 /* Frameworks */ = {
			isa = PBXFrameworksBuildPhase;
			buildActionMask = 2147483647;
			files = (
			);
			runOnlyForDeploymentPostprocessing = 0;
		};
		CD8FC5CF1E88F82000957878 /* Frameworks */ = {
			isa = PBXFrameworksBuildPhase;
			buildActionMask = 2147483647;
			files = (
			);
			runOnlyForDeploymentPostprocessing = 0;
		};
		CD8FC5DA1E88F82000957878 /* Frameworks */ = {
			isa = PBXFrameworksBuildPhase;
			buildActionMask = 2147483647;
			files = (
			);
			runOnlyForDeploymentPostprocessing = 0;
		};
/* End PBXFrameworksBuildPhase section */

/* Begin PBXGroup section */
		CD8FC5B01E88F82000957878 = {
			isa = PBXGroup;
			children = (
				CD8FC5BB1E88F82000957878 /* XYThemeCollectionView */,
				CD8FC5D51E88F82000957878 /* XYThemeCollectionViewTests */,
				CD8FC5E01E88F82000957878 /* XYThemeCollectionViewUITests */,
				CD8FC5BA1E88F82000957878 /* Products */,
			);
			sourceTree = "<group>";
		};
		CD8FC5BA1E88F82000957878 /* Products */ = {
			isa = PBXGroup;
			children = (
				CD8FC5B91E88F82000957878 /* XYThemeCollectionView.app */,
				CD8FC5D21E88F82000957878 /* XYThemeCollectionViewTests.xctest */,
				CD8FC5DD1E88F82000957878 /* XYThemeCollectionViewUITests.xctest */,
			);
			name = Products;
			sourceTree = "<group>";
		};
		CD8FC5BB1E88F82000957878 /* XYThemeCollectionView */ = {
			isa = PBXGroup;
			children = (
				CD8FC5F21E89132500957878 /* collectionView */,
				CD8FC5BF1E88F82000957878 /* AppDelegate.h */,
				CD8FC5C01E88F82000957878 /* AppDelegate.m */,
				CD8FC5C21E88F82000957878 /* ViewController.h */,
				CD8FC5C31E88F82000957878 /* ViewController.m */,
				CD8FC5C51E88F82000957878 /* Main.storyboard */,
				CD8FC5C81E88F82000957878 /* Assets.xcassets */,
				CD8FC5CA1E88F82000957878 /* LaunchScreen.storyboard */,
				CD8FC5CD1E88F82000957878 /* Info.plist */,
				CD8FC5BC1E88F82000957878 /* Supporting Files */,
			);
			path = XYThemeCollectionView;
			sourceTree = "<group>";
		};
		CD8FC5BC1E88F82000957878 /* Supporting Files */ = {
			isa = PBXGroup;
			children = (
				CD8FC5BD1E88F82000957878 /* main.m */,
			);
			name = "Supporting Files";
			sourceTree = "<group>";
		};
		CD8FC5D51E88F82000957878 /* XYThemeCollectionViewTests */ = {
			isa = PBXGroup;
			children = (
				CD8FC5D61E88F82000957878 /* XYThemeCollectionViewTests.m */,
				CD8FC5D81E88F82000957878 /* Info.plist */,
			);
			path = XYThemeCollectionViewTests;
			sourceTree = "<group>";
		};
		CD8FC5E01E88F82000957878 /* XYThemeCollectionViewUITests */ = {
			isa = PBXGroup;
			children = (
				CD8FC5E11E88F82000957878 /* XYThemeCollectionViewUITests.m */,
				CD8FC5E31E88F82000957878 /* Info.plist */,
			);
			path = XYThemeCollectionViewUITests;
			sourceTree = "<group>";
		};
		CD8FC5F21E89132500957878 /* collectionView */ = {
			isa = PBXGroup;
			children = (
				CD8FC5F31E89133200957878 /* XYThemeCollectionView.h */,
				CD8FC5F41E89133200957878 /* XYThemeCollectionView.m */,
				CD8FC5F61E89134700957878 /* XYThemeCollectionViewMainCell.h */,
				CD8FC5F71E89134700957878 /* XYThemeCollectionViewMainCell.m */,
				CD8FC5FE1E89137900957878 /* XYThemeCollectionViewMainCell.xib */,
				CD8FC5F91E89136600957878 /* XYThemeCollectionViewSubCell.h */,
				CD8FC5FA1E89136600957878 /* XYThemeCollectionViewSubCell.m */,
				CD8FC5FB1E89136600957878 /* XYThemeCollectionViewSubCell.xib */,
			);
			name = collectionView;
			sourceTree = "<group>";
		};
/* End PBXGroup section */

/* Begin PBXNativeTarget section */
		CD8FC5B81E88F82000957878 /* XYThemeCollectionView */ = {
			isa = PBXNativeTarget;
			buildConfigurationList = CD8FC5E61E88F82000957878 /* Build configuration list for PBXNativeTarget "XYThemeCollectionView" */;
			buildPhases = (
				CD8FC5B51E88F82000957878 /* Sources */,
				CD8FC5B61E88F82000957878 /* Frameworks */,
				CD8FC5B71E88F82000957878 /* Resources */,
			);
			buildRules = (
			);
			dependencies = (
			);
			name = XYThemeCollectionView;
			productName = XYThemeCollectionView;
			productReference = CD8FC5B91E88F82000957878 /* XYThemeCollectionView.app */;
			productType = "com.apple.product-type.application";
		};
		CD8FC5D11E88F82000957878 /* XYThemeCollectionViewTests */ = {
			isa = PBXNativeTarget;
			buildConfigurationList = CD8FC5E91E88F82000957878 /* Build configuration list for PBXNativeTarget "XYThemeCollectionViewTests" */;
			buildPhases = (
				CD8FC5CE1E88F82000957878 /* Sources */,
				CD8FC5CF1E88F82000957878 /* Frameworks */,
				CD8FC5D01E88F82000957878 /* Resources */,
			);
			buildRules = (
			);
			dependencies = (
				CD8FC5D41E88F82000957878 /* PBXTargetDependency */,
			);
			name = XYThemeCollectionViewTests;
			productName = XYThemeCollectionViewTests;
			productReference = CD8FC5D21E88F82000957878 /* XYThemeCollectionViewTests.xctest */;
			productType = "com.apple.product-type.bundle.unit-test";
		};
		CD8FC5DC1E88F82000957878 /* XYThemeCollectionViewUITests */ = {
			isa = PBXNativeTarget;
			buildConfigurationList = CD8FC5EC1E88F82000957878 /* Build configuration list for PBXNativeTarget "XYThemeCollectionViewUITests" */;
			buildPhases = (
				CD8FC5D91E88F82000957878 /* Sources */,
				CD8FC5DA1E88F82000957878 /* Frameworks */,
				CD8FC5DB1E88F82000957878 /* Resources */,
			);
			buildRules = (
			);
			dependencies = (
				CD8FC5DF1E88F82000957878 /* PBXTargetDependency */,
			);
			name = XYThemeCollectionViewUITests;
			productName = XYThemeCollectionViewUITests;
			productReference = CD8FC5DD1E88F82000957878 /* XYThemeCollectionViewUITests.xctest */;
			productType = "com.apple.product-type.bundle.ui-testing";
		};
/* End PBXNativeTarget section */

/* Begin PBXProject section */
		CD8FC5B11E88F82000957878 /* Project object */ = {
			isa = PBXProject;
			attributes = {
				LastUpgradeCheck = 0820;
				ORGANIZATIONNAME = duxuan;
				TargetAttributes = {
					CD8FC5B81E88F82000957878 = {
						CreatedOnToolsVersion = 8.2;
						DevelopmentTeam = BMP99N9345;
						ProvisioningStyle = Automatic;
					};
					CD8FC5D11E88F82000957878 = {
						CreatedOnToolsVersion = 8.2;
						ProvisioningStyle = Automatic;
						TestTargetID = CD8FC5B81E88F82000957878;
					};
					CD8FC5DC1E88F82000957878 = {
						CreatedOnToolsVersion = 8.2;
						ProvisioningStyle = Automatic;
						TestTargetID = CD8FC5B81E88F82000957878;
					};
				};
			};
			buildConfigurationList = CD8FC5B41E88F82000957878 /* Build configuration list for PBXProject "XYThemeCollectionView" */;
			compatibilityVersion = "Xcode 3.2";
			developmentRegion = English;
			hasScannedForEncodings = 0;
			knownRegions = (
				en,
				Base,
			);
			mainGroup = CD8FC5B01E88F82000957878;
			productRefGroup = CD8FC5BA1E88F82000957878 /* Products */;
			projectDirPath = "";
			projectRoot = "";
			targets = (
				CD8FC5B81E88F82000957878 /* XYThemeCollectionView */,
				CD8FC5D11E88F82000957878 /* XYThemeCollectionViewTests */,
				CD8FC5DC1E88F82000957878 /* XYThemeCollectionViewUITests */,
			);
		};
/* End PBXProject section */

/* Begin PBXResourcesBuildPhase section */
		CD8FC5B71E88F82000957878 /* Resources */ = {
			isa = PBXResourcesBuildPhase;
			buildActionMask = 2147483647;
			files = (
				CD8FC5FD1E89136600957878 /* XYThemeCollectionViewSubCell.xib in Resources */,
				CD8FC5FF1E89137900957878 /* XYThemeCollectionViewMainCell.xib in Resources */,
				CD8FC5CC1E88F82000957878 /* LaunchScreen.storyboard in Resources */,
				CD8FC5C91E88F82000957878 /* Assets.xcassets in Resources */,
				CD8FC5C71E88F82000957878 /* Main.storyboard in Resources */,
			);
			runOnlyForDeploymentPostprocessing = 0;
		};
		CD8FC5D01E88F82000957878 /* Resources */ = {
			isa = PBXResourcesBuildPhase;
			buildActionMask = 2147483647;
			files = (
			);
			runOnlyForDeploymentPostprocessing = 0;
		};
		CD8FC5DB1E88F82000957878 /* Resources */ = {
			isa = PBXResourcesBuildPhase;
			buildActionMask = 2147483647;
			files = (
			);
			runOnlyForDeploymentPostprocessing = 0;
		};
/* End PBXResourcesBuildPhase section */

/* Begin PBXSourcesBuildPhase section */
		CD8FC5B51E88F82000957878 /* Sources */ = {
			isa = PBXSourcesBuildPhase;
			buildActionMask = 2147483647;
			files = (
				CD8FC5C41E88F82000957878 /* ViewController.m in Sources */,
				CD8FC5F51E89133200957878 /* XYThemeCollectionView.m in Sources */,
				CD8FC5F81E89134700957878 /* XYThemeCollectionViewMainCell.m in Sources */,
				CD8FC5C11E88F82000957878 /* AppDelegate.m in Sources */,
				CD8FC5FC1E89136600957878 /* XYThemeCollectionViewSubCell.m in Sources */,
				CD8FC5BE1E88F82000957878 /* main.m in Sources */,
			);
			runOnlyForDeploymentPostprocessing = 0;
		};
		CD8FC5CE1E88F82000957878 /* Sources */ = {
			isa = PBXSourcesBuildPhase;
			buildActionMask = 2147483647;
			files = (
				CD8FC5D71E88F82000957878 /* XYThemeCollectionViewTests.m in Sources */,
			);
			runOnlyForDeploymentPostprocessing = 0;
		};
		CD8FC5D91E88F82000957878 /* Sources */ = {
			isa = PBXSourcesBuildPhase;
			buildActionMask = 2147483647;
			files = (
				CD8FC5E21E88F82000957878 /* XYThemeCollectionViewUITests.m in Sources */,
			);
			runOnlyForDeploymentPostprocessing = 0;
		};
/* End PBXSourcesBuildPhase section */

/* Begin PBXTargetDependency section */
		CD8FC5D41E88F82000957878 /* PBXTargetDependency */ = {
			isa = PBXTargetDependency;
			target = CD8FC5B81E88F82000957878 /* XYThemeCollectionView */;
			targetProxy = CD8FC5D31E88F82000957878 /* PBXContainerItemProxy */;
		};
		CD8FC5DF1E88F82000957878 /* PBXTargetDependency */ = {
			isa = PBXTargetDependency;
			target = CD8FC5B81E88F82000957878 /* XYThemeCollectionView */;
			targetProxy = CD8FC5DE1E88F82000957878 /* PBXContainerItemProxy */;
		};
/* End PBXTargetDependency section */

/* Begin PBXVariantGroup section */
		CD8FC5C51E88F82000957878 /* Main.storyboard */ = {
			isa = PBXVariantGroup;
			children = (
				CD8FC5C61E88F82000957878 /* Base */,
			);
			name = Main.storyboard;
			sourceTree = "<group>";
		};
		CD8FC5CA1E88F82000957878 /* LaunchScreen.storyboard */ = {
			isa = PBXVariantGroup;
			children = (
				CD8FC5CB1E88F82000957878 /* Base */,
			);
			name = LaunchScreen.storyboard;
			sourceTree = "<group>";
		};
/* End PBXVariantGroup section */

/* Begin XCBuildConfiguration section */
		CD8FC5E41E88F82000957878 /* Debug */ = {
			isa = XCBuildConfiguration;
			buildSettings = {
				ALWAYS_SEARCH_USER_PATHS = NO;
				CLANG_ANALYZER_NONNULL = YES;
				CLANG_CXX_LANGUAGE_STANDARD = "gnu++0x";
				CLANG_CXX_LIBRARY = "libc++";
				CLANG_ENABLE_MODULES = YES;
				CLANG_ENABLE_OBJC_ARC = YES;
				CLANG_WARN_BOOL_CONVERSION = YES;
				CLANG_WARN_CONSTANT_CONVERSION = YES;
				CLANG_WARN_DIRECT_OBJC_ISA_USAGE = YES_ERROR;
				CLANG_WARN_DOCUMENTATION_COMMENTS = YES;
				CLANG_WARN_EMPTY_BODY = YES;
				CLANG_WARN_ENUM_CONVERSION = YES;
				CLANG_WARN_INFINITE_RECURSION = YES;
				CLANG_WARN_INT_CONVERSION = YES;
				CLANG_WARN_OBJC_ROOT_CLASS = YES_ERROR;
				CLANG_WARN_SUSPICIOUS_MOVE = YES;
				CLANG_WARN_UNREACHABLE_CODE = YES;
				CLANG_WARN__DUPLICATE_METHOD_MATCH = YES;
				"CODE_SIGN_IDENTITY[sdk=iphoneos*]" = "iPhone Developer";
				COPY_PHASE_STRIP = NO;
				DEBUG_INFORMATION_FORMAT = dwarf;
				ENABLE_STRICT_OBJC_MSGSEND = YES;
				ENABLE_TESTABILITY = YES;
				GCC_C_LANGUAGE_STANDARD = gnu99;
				GCC_DYNAMIC_NO_PIC = NO;
				GCC_NO_COMMON_BLOCKS = YES;
				GCC_OPTIMIZATION_LEVEL = 0;
				GCC_PREPROCESSOR_DEFINITIONS = (
					"DEBUG=1",
					"$(inherited)",
				);
				GCC_WARN_64_TO_32_BIT_CONVERSION = YES;
				GCC_WARN_ABOUT_RETURN_TYPE = YES_ERROR;
				GCC_WARN_UNDECLARED_SELECTOR = YES;
				GCC_WARN_UNINITIALIZED_AUTOS = YES_AGGRESSIVE;
				GCC_WARN_UNUSED_FUNCTION = YES;
				GCC_WARN_UNUSED_VARIABLE = YES;
				IPHONEOS_DEPLOYMENT_TARGET = 10.2;
				MTL_ENABLE_DEBUG_INFO = YES;
				ONLY_ACTIVE_ARCH = YES;
				SDKROOT = iphoneos;
				TARGETED_DEVICE_FAMILY = "1,2";
			};
			name = Debug;
		};
		CD8FC5E51E88F82000957878 /* Release */ = {
			isa = XCBuildConfiguration;
			buildSettings = {
				ALWAYS_SEARCH_USER_PATHS = NO;
				CLANG_ANALYZER_NONNULL = YES;
				CLANG_CXX_LANGUAGE_STANDARD = "gnu++0x";
				CLANG_CXX_LIBRARY = "libc++";
				CLANG_ENABLE_MODULES = YES;
				CLANG_ENABLE_OBJC_ARC = YES;
				CLANG_WARN_BOOL_CONVERSION = YES;
				CLANG_WARN_CONSTANT_CONVERSION = YES;
				CLANG_WARN_DIRECT_OBJC_ISA_USAGE = YES_ERROR;
				CLANG_WARN_DOCUMENTATION_COMMENTS = YES;
				CLANG_WARN_EMPTY_BODY = YES;
				CLANG_WARN_ENUM_CONVERSION = YES;
				CLANG_WARN_INFINITE_RECURSION = YES;
				CLANG_WARN_INT_CONVERSION = YES;
				CLANG_WARN_OBJC_ROOT_CLASS = YES_ERROR;
				CLANG_WARN_SUSPICIOUS_MOVE = YES;
				CLANG_WARN_UNREACHABLE_CODE = YES;
				CLANG_WARN__DUPLICATE_METHOD_MATCH = YES;
				"CODE_SIGN_IDENTITY[sdk=iphoneos*]" = "iPhone Developer";
				COPY_PHASE_STRIP = NO;
				DEBUG_INFORMATION_FORMAT = "dwarf-with-dsym";
				ENABLE_NS_ASSERTIONS = NO;
				ENABLE_STRICT_OBJC_MSGSEND = YES;
				GCC_C_LANGUAGE_STANDARD = gnu99;
				GCC_NO_COMMON_BLOCKS = YES;
				GCC_WARN_64_TO_32_BIT_CONVERSION = YES;
				GCC_WARN_ABOUT_RETURN_TYPE = YES_ERROR;
				GCC_WARN_UNDECLARED_SELECTOR = YES;
				GCC_WARN_UNINITIALIZED_AUTOS = YES_AGGRESSIVE;
				GCC_WARN_UNUSED_FUNCTION = YES;
				GCC_WARN_UNUSED_VARIABLE = YES;
				IPHONEOS_DEPLOYMENT_TARGET = 10.2;
				MTL_ENABLE_DEBUG_INFO = NO;
				SDKROOT = iphoneos;
				TARGETED_DEVICE_FAMILY = "1,2";
				VALIDATE_PRODUCT = YES;
			};
			name = Release;
		};
		CD8FC5E71E88F82000957878 /* Debug */ = {
			isa = XCBuildConfiguration;
			buildSettings = {
				ASSETCATALOG_COMPILER_APPICON_NAME = AppIcon;
				DEVELOPMENT_TEAM = BMP99N9345;
				INFOPLIST_FILE = XYThemeCollectionView/Info.plist;
				IPHONEOS_DEPLOYMENT_TARGET = 9.0;
				LD_RUNPATH_SEARCH_PATHS = "$(inherited) @executable_path/Frameworks";
				PRODUCT_BUNDLE_IDENTIFIER = dx.XYThemeCollectionView;
				PRODUCT_NAME = "$(TARGET_NAME)";
			};
			name = Debug;
		};
		CD8FC5E81E88F82000957878 /* Release */ = {
			isa = XCBuildConfiguration;
			buildSettings = {
				ASSETCATALOG_COMPILER_APPICON_NAME = AppIcon;
				DEVELOPMENT_TEAM = BMP99N9345;
				INFOPLIST_FILE = XYThemeCollectionView/Info.plist;
				IPHONEOS_DEPLOYMENT_TARGET = 9.0;
				LD_RUNPATH_SEARCH_PATHS = "$(inherited) @executable_path/Frameworks";
				PRODUCT_BUNDLE_IDENTIFIER = dx.XYThemeCollectionView;
				PRODUCT_NAME = "$(TARGET_NAME)";
			};
			name = Release;
		};
		CD8FC5EA1E88F82000957878 /* Debug */ = {
			isa = XCBuildConfiguration;
			buildSettings = {
				BUNDLE_LOADER = "$(TEST_HOST)";
				INFOPLIST_FILE = XYThemeCollectionViewTests/Info.plist;
				LD_RUNPATH_SEARCH_PATHS = "$(inherited) @executable_path/Frameworks @loader_path/Frameworks";
				PRODUCT_BUNDLE_IDENTIFIER = dx.XYThemeCollectionViewTests;
				PRODUCT_NAME = "$(TARGET_NAME)";
				TEST_HOST = "$(BUILT_PRODUCTS_DIR)/XYThemeCollectionView.app/XYThemeCollectionView";
			};
			name = Debug;
		};
		CD8FC5EB1E88F82000957878 /* Release */ = {
			isa = XCBuildConfiguration;
			buildSettings = {
				BUNDLE_LOADER = "$(TEST_HOST)";
				INFOPLIST_FILE = XYThemeCollectionViewTests/Info.plist;
				LD_RUNPATH_SEARCH_PATHS = "$(inherited) @executable_path/Frameworks @loader_path/Frameworks";
				PRODUCT_BUNDLE_IDENTIFIER = dx.XYThemeCollectionViewTests;
				PRODUCT_NAME = "$(TARGET_NAME)";
				TEST_HOST = "$(BUILT_PRODUCTS_DIR)/XYThemeCollectionView.app/XYThemeCollectionView";
			};
			name = Release;
		};
		CD8FC5ED1E88F82000957878 /* Debug */ = {
			isa = XCBuildConfiguration;
			buildSettings = {
				INFOPLIST_FILE = XYThemeCollectionViewUITests/Info.plist;
				LD_RUNPATH_SEARCH_PATHS = "$(inherited) @executable_path/Frameworks @loader_path/Frameworks";
				PRODUCT_BUNDLE_IDENTIFIER = dx.XYThemeCollectionViewUITests;
				PRODUCT_NAME = "$(TARGET_NAME)";
				TEST_TARGET_NAME = XYThemeCollectionView;
			};
			name = Debug;
		};
		CD8FC5EE1E88F82000957878 /* Release */ = {
			isa = XCBuildConfiguration;
			buildSettings = {
				INFOPLIST_FILE = XYThemeCollectionViewUITests/Info.plist;
				LD_RUNPATH_SEARCH_PATHS = "$(inherited) @executable_path/Frameworks @loader_path/Frameworks";
				PRODUCT_BUNDLE_IDENTIFIER = dx.XYThemeCollectionViewUITests;
				PRODUCT_NAME = "$(TARGET_NAME)";
				TEST_TARGET_NAME = XYThemeCollectionView;
			};
			name = Release;
		};
/* End XCBuildConfiguration section */

/* Begin XCConfigurationList section */
		CD8FC5B41E88F82000957878 /* Build configuration list for PBXProject "XYThemeCollectionView" */ = {
			isa = XCConfigurationList;
			buildConfigurations = (
				CD8FC5E41E88F82000957878 /* Debug */,
				CD8FC5E51E88F82000957878 /* Release */,
			);
			defaultConfigurationIsVisible = 0;
			defaultConfigurationName = Release;
		};
		CD8FC5E61E88F82000957878 /* Build configuration list for PBXNativeTarget "XYThemeCollectionView" */ = {
			isa = XCConfigurationList;
			buildConfigurations = (
				CD8FC5E71E88F82000957878 /* Debug */,
				CD8FC5E81E88F82000957878 /* Release */,
			);
			defaultConfigurationIsVisible = 0;
			defaultConfigurationName = Release;
		};
		CD8FC5E91E88F82000957878 /* Build configuration list for PBXNativeTarget "XYThemeCollectionViewTests" */ = {
			isa = XCConfigurationList;
			buildConfigurations = (
				CD8FC5EA1E88F82000957878 /* Debug */,
				CD8FC5EB1E88F82000957878 /* Release */,
			);
			defaultConfigurationIsVisible = 0;
			defaultConfigurationName = Release;
		};
		CD8FC5EC1E88F82000957878 /* Build configuration list for PBXNativeTarget "XYThemeCollectionViewUITests" */ = {
			isa = XCConfigurationList;
			buildConfigurations = (
				CD8FC5ED1E88F82000957878 /* Debug */,
				CD8FC5EE1E88F82000957878 /* Release */,
			);
			defaultConfigurationIsVisible = 0;
			defaultConfigurationName = Release;
		};
/* End XCConfigurationList section */
	};
	rootObject = CD8FC5B11E88F82000957878 /* Project object */;
}
